
Microsoft Visual Studio Solution File, Format Version 12.00
# Visual Studio Version 17
VisualStudioVersion = 17.0.31903.59
MinimumVisualStudioVersion = 10.0.40219.1
Project("{FAE04EC0-301F-11D3-BF4B-00C04F79EFBC}") = "Authentication.Server", "Authentication.Server\Authentication.Server.csproj", "{F7D64DDB-C0A9-43DE-A192-66FD42E30A75}"
EndProject
Project("{FAE04EC0-301F-11D3-BF4B-00C04F79EFBC}") = "Enterprises.Server", "Enterprises.Server\Enterprises.Server.csproj", "{BE8F327A-8943-4DF7-AC4F-634772AF6560}"
EndProject
Project("{FAE04EC0-301F-11D3-BF4B-00C04F79EFBC}") = "Financial.Server", "Financial.Server\Financial.Server.csproj", "{629E5EC7-039E-4414-9EE6-24ADB9B57DCC}"
EndProject
Project("{2150E333-8FDC-42A3-9474-1A3956D46DE8}") = "Shared.Sources", "Shared.Sources", "{066BEF73-2AAA-4BDB-9400-3BE34DB3ED34}"
EndProject
Project("{FAE04EC0-301F-11D3-BF4B-00C04F79EFBC}") = "Shared.Connectors", "Shared.Sources\Shared.Connectors\Shared.Connectors.csproj", "{4F0C4816-3FCE-4173-9BED-8555A949AA65}"
EndProject
Project("{FAE04EC0-301F-11D3-BF4B-00C04F79EFBC}") = "Shared.Connectors.Interfaces", "Shared.Sources\Shared.Connectors.Interfaces\Shared.Connectors.Interfaces.csproj", "{7EEEF049-AD62-452F-B260-EE7900974F66}"
EndProject
Project("{FAE04EC0-301F-11D3-BF4B-00C04F79EFBC}") = "Shared.Databases", "Shared.Sources\Shared.Databases\Shared.Databases.csproj", "{F54B4184-0FEB-467F-B31D-7F2A787C609C}"
EndProject
Project("{FAE04EC0-301F-11D3-BF4B-00C04F79EFBC}") = "Shared.Exceptions", "Shared.Sources\Shared.Exceptions\Shared.Exceptions.csproj", "{0DDCF1BC-A632-465E-8DE7-08C311703F18}"
EndProject
Project("{FAE04EC0-301F-11D3-BF4B-00C04F79EFBC}") = "Shared.Extensions", "Shared.Sources\Shared.Extensions\Shared.Extensions.csproj", "{58EB314F-979D-4C02-986B-C9F13B860DB1}"
EndProject
Project("{FAE04EC0-301F-11D3-BF4B-00C04F79EFBC}") = "Shared.Interfaces", "Shared.Sources\Shared.Interfaces\Shared.Interfaces.csproj", "{E2CF8744-E8AB-4801-ABDE-C6501C19AC6D}"
EndProject
Project("{FAE04EC0-301F-11D3-BF4B-00C04F79EFBC}") = "Shared.Libraries", "Shared.Sources\Shared.Libraries\Shared.Libraries.csproj", "{3D4E149D-1978-45B8-A0BC-3FD86E0FB07E}"
EndProject
Project("{FAE04EC0-301F-11D3-BF4B-00C04F79EFBC}") = "Shared.Middleware", "Shared.Sources\Shared.Middleware\Shared.Middleware.csproj", "{1BE00DCD-2414-4DA1-8E15-27346E5CBFB2}"
EndProject
Project("{FAE04EC0-301F-11D3-BF4B-00C04F79EFBC}") = "Shared.Models", "Shared.Sources\Shared.Models\Shared.Models.csproj", "{1CF77876-AE61-48D6-B944-3E402C7403D4}"
EndProject
Project("{FAE04EC0-301F-11D3-BF4B-00C04F79EFBC}") = "Shared.Security", "Shared.Sources\Shared.Security\Shared.Security.csproj", "{4C11D25E-2288-4682-941F-04D11E255C1A}"
EndProject
Project("{FAE04EC0-301F-11D3-BF4B-00C04F79EFBC}") = "Shared.Configuration", "Shared.Sources\Shared.Configuration\Shared.Configuration.csproj", "{92249DD0-21D8-4C88-8C3E-CEE40D7D48F2}"
EndProject
Project("{FAE04EC0-301F-11D3-BF4B-00C04F79EFBC}") = "Shared.Services", "Shared.Sources\Shared.Services\Shared.Services.csproj", "{B46C538D-3468-47CA-9F16-F641E85A012C}"
EndProject
Project("{FAE04EC0-301F-11D3-BF4B-00C04F79EFBC}") = "Shared.Backend.Connectors", "Shared.Sources\Shared.Backend.Connectors\Shared.Backend.Connectors.csproj", "{2FDCF496-EBC8-4875-9FE8-F5842D6CAB6C}"
EndProject
Project("{FAE04EC0-301F-11D3-BF4B-00C04F79EFBC}") = "Shared.Databases.Entities", "Shared.Sources\Shared.Databases.Entities\Shared.Databases.Entities.csproj", "{524C10AC-2189-4A3D-9F8F-C7E7938847A8}"
EndProject
Project("{FAE04EC0-301F-11D3-BF4B-00C04F79EFBC}") = "Shared.Dtos.Input", "Shared.Sources\Shared.Dtos.Input\Shared.Dtos.Input.csproj", "{E6987AC9-7078-4518-B630-B7E499F69A7A}"
EndProject
Project("{FAE04EC0-301F-11D3-BF4B-00C04F79EFBC}") = "Shared.Dtos.Output", "Shared.Sources\Shared.Dtos.Output\Shared.Dtos.Output.csproj", "{4F92FB91-D8FD-456E-9009-C33418D4A881}"
EndProject
Project("{FAE04EC0-301F-11D3-BF4B-00C04F79EFBC}") = "App.Test", "App.Test\App.Test.csproj", "{F2F0027A-7FA9-4C3A-BE0D-4BF6B8A0D545}"
EndProject
Global
	GlobalSection(SolutionConfigurationPlatforms) = preSolution
		Debug|Any CPU = Debug|Any CPU
		Debug|x64 = Debug|x64
		Debug|x86 = Debug|x86
		Release|Any CPU = Release|Any CPU
		Release|x64 = Release|x64
		Release|x86 = Release|x86
	EndGlobalSection
	GlobalSection(ProjectConfigurationPlatforms) = postSolution
		{F7D64DDB-C0A9-43DE-A192-66FD42E30A75}.Debug|Any CPU.ActiveCfg = Debug|Any CPU
		{F7D64DDB-C0A9-43DE-A192-66FD42E30A75}.Debug|Any CPU.Build.0 = Debug|Any CPU
		{F7D64DDB-C0A9-43DE-A192-66FD42E30A75}.Debug|x64.ActiveCfg = Debug|Any CPU
		{F7D64DDB-C0A9-43DE-A192-66FD42E30A75}.Debug|x64.Build.0 = Debug|Any CPU
		{F7D64DDB-C0A9-43DE-A192-66FD42E30A75}.Debug|x86.ActiveCfg = Debug|Any CPU
		{F7D64DDB-C0A9-43DE-A192-66FD42E30A75}.Debug|x86.Build.0 = Debug|Any CPU
		{F7D64DDB-C0A9-43DE-A192-66FD42E30A75}.Release|Any CPU.ActiveCfg = Release|Any CPU
		{F7D64DDB-C0A9-43DE-A192-66FD42E30A75}.Release|Any CPU.Build.0 = Release|Any CPU
		{F7D64DDB-C0A9-43DE-A192-66FD42E30A75}.Release|x64.ActiveCfg = Release|Any CPU
		{F7D64DDB-C0A9-43DE-A192-66FD42E30A75}.Release|x64.Build.0 = Release|Any CPU
		{F7D64DDB-C0A9-43DE-A192-66FD42E30A75}.Release|x86.ActiveCfg = Release|Any CPU
		{F7D64DDB-C0A9-43DE-A192-66FD42E30A75}.Release|x86.Build.0 = Release|Any CPU
		{BE8F327A-8943-4DF7-AC4F-634772AF6560}.Debug|Any CPU.ActiveCfg = Debug|Any CPU
		{BE8F327A-8943-4DF7-AC4F-634772AF6560}.Debug|Any CPU.Build.0 = Debug|Any CPU
		{BE8F327A-8943-4DF7-AC4F-634772AF6560}.Debug|x64.ActiveCfg = Debug|Any CPU
		{BE8F327A-8943-4DF7-AC4F-634772AF6560}.Debug|x64.Build.0 = Debug|Any CPU
		{BE8F327A-8943-4DF7-AC4F-634772AF6560}.Debug|x86.ActiveCfg = Debug|Any CPU
		{BE8F327A-8943-4DF7-AC4F-634772AF6560}.Debug|x86.Build.0 = Debug|Any CPU
		{BE8F327A-8943-4DF7-AC4F-634772AF6560}.Release|Any CPU.ActiveCfg = Release|Any CPU
		{BE8F327A-8943-4DF7-AC4F-634772AF6560}.Release|Any CPU.Build.0 = Release|Any CPU
		{BE8F327A-8943-4DF7-AC4F-634772AF6560}.Release|x64.ActiveCfg = Release|Any CPU
		{BE8F327A-8943-4DF7-AC4F-634772AF6560}.Release|x64.Build.0 = Release|Any CPU
		{BE8F327A-8943-4DF7-AC4F-634772AF6560}.Release|x86.ActiveCfg = Release|Any CPU
		{BE8F327A-8943-4DF7-AC4F-634772AF6560}.Release|x86.Build.0 = Release|Any CPU
		{629E5EC7-039E-4414-9EE6-24ADB9B57DCC}.Debug|Any CPU.ActiveCfg = Debug|Any CPU
		{629E5EC7-039E-4414-9EE6-24ADB9B57DCC}.Debug|Any CPU.Build.0 = Debug|Any CPU
		{629E5EC7-039E-4414-9EE6-24ADB9B57DCC}.Debug|x64.ActiveCfg = Debug|Any CPU
		{629E5EC7-039E-4414-9EE6-24ADB9B57DCC}.Debug|x64.Build.0 = Debug|Any CPU
		{629E5EC7-039E-4414-9EE6-24ADB9B57DCC}.Debug|x86.ActiveCfg = Debug|Any CPU
		{629E5EC7-039E-4414-9EE6-24ADB9B57DCC}.Debug|x86.Build.0 = Debug|Any CPU
		{629E5EC7-039E-4414-9EE6-24ADB9B57DCC}.Release|Any CPU.ActiveCfg = Release|Any CPU
		{629E5EC7-039E-4414-9EE6-24ADB9B57DCC}.Release|Any CPU.Build.0 = Release|Any CPU
		{629E5EC7-039E-4414-9EE6-24ADB9B57DCC}.Release|x64.ActiveCfg = Release|Any CPU
		{629E5EC7-039E-4414-9EE6-24ADB9B57DCC}.Release|x64.Build.0 = Release|Any CPU
		{629E5EC7-039E-4414-9EE6-24ADB9B57DCC}.Release|x86.ActiveCfg = Release|Any CPU
		{629E5EC7-039E-4414-9EE6-24ADB9B57DCC}.Release|x86.Build.0 = Release|Any CPU
		{4F0C4816-3FCE-4173-9BED-8555A949AA65}.Debug|Any CPU.ActiveCfg = Debug|Any CPU
		{4F0C4816-3FCE-4173-9BED-8555A949AA65}.Debug|Any CPU.Build.0 = Debug|Any CPU
		{4F0C4816-3FCE-4173-9BED-8555A949AA65}.Debug|x64.ActiveCfg = Debug|Any CPU
		{4F0C4816-3FCE-4173-9BED-8555A949AA65}.Debug|x64.Build.0 = Debug|Any CPU
		{4F0C4816-3FCE-4173-9BED-8555A949AA65}.Debug|x86.ActiveCfg = Debug|Any CPU
		{4F0C4816-3FCE-4173-9BED-8555A949AA65}.Debug|x86.Build.0 = Debug|Any CPU
		{4F0C4816-3FCE-4173-9BED-8555A949AA65}.Release|Any CPU.ActiveCfg = Release|Any CPU
		{4F0C4816-3FCE-4173-9BED-8555A949AA65}.Release|Any CPU.Build.0 = Release|Any CPU
		{4F0C4816-3FCE-4173-9BED-8555A949AA65}.Release|x64.ActiveCfg = Release|Any CPU
		{4F0C4816-3FCE-4173-9BED-8555A949AA65}.Release|x64.Build.0 = Release|Any CPU
		{4F0C4816-3FCE-4173-9BED-8555A949AA65}.Release|x86.ActiveCfg = Release|Any CPU
		{4F0C4816-3FCE-4173-9BED-8555A949AA65}.Release|x86.Build.0 = Release|Any CPU
		{7EEEF049-AD62-452F-B260-EE7900974F66}.Debug|Any CPU.ActiveCfg = Debug|Any CPU
		{7EEEF049-AD62-452F-B260-EE7900974F66}.Debug|Any CPU.Build.0 = Debug|Any CPU
		{7EEEF049-AD62-452F-B260-EE7900974F66}.Debug|x64.ActiveCfg = Debug|Any CPU
		{7EEEF049-AD62-452F-B260-EE7900974F66}.Debug|x64.Build.0 = Debug|Any CPU
		{7EEEF049-AD62-452F-B260-EE7900974F66}.Debug|x86.ActiveCfg = Debug|Any CPU
		{7EEEF049-AD62-452F-B260-EE7900974F66}.Debug|x86.Build.0 = Debug|Any CPU
		{7EEEF049-AD62-452F-B260-EE7900974F66}.Release|Any CPU.ActiveCfg = Release|Any CPU
		{7EEEF049-AD62-452F-B260-EE7900974F66}.Release|Any CPU.Build.0 = Release|Any CPU
		{7EEEF049-AD62-452F-B260-EE7900974F66}.Release|x64.ActiveCfg = Release|Any CPU
		{7EEEF049-AD62-452F-B260-EE7900974F66}.Release|x64.Build.0 = Release|Any CPU
		{7EEEF049-AD62-452F-B260-EE7900974F66}.Release|x86.ActiveCfg = Release|Any CPU
		{7EEEF049-AD62-452F-B260-EE7900974F66}.Release|x86.Build.0 = Release|Any CPU
		{F54B4184-0FEB-467F-B31D-7F2A787C609C}.Debug|Any CPU.ActiveCfg = Debug|Any CPU
		{F54B4184-0FEB-467F-B31D-7F2A787C609C}.Debug|Any CPU.Build.0 = Debug|Any CPU
		{F54B4184-0FEB-467F-B31D-7F2A787C609C}.Debug|x64.ActiveCfg = Debug|Any CPU
		{F54B4184-0FEB-467F-B31D-7F2A787C609C}.Debug|x64.Build.0 = Debug|Any CPU
		{F54B4184-0FEB-467F-B31D-7F2A787C609C}.Debug|x86.ActiveCfg = Debug|Any CPU
		{F54B4184-0FEB-467F-B31D-7F2A787C609C}.Debug|x86.Build.0 = Debug|Any CPU
		{F54B4184-0FEB-467F-B31D-7F2A787C609C}.Release|Any CPU.ActiveCfg = Release|Any CPU
		{F54B4184-0FEB-467F-B31D-7F2A787C609C}.Release|Any CPU.Build.0 = Release|Any CPU
		{F54B4184-0FEB-467F-B31D-7F2A787C609C}.Release|x64.ActiveCfg = Release|Any CPU
		{F54B4184-0FEB-467F-B31D-7F2A787C609C}.Release|x64.Build.0 = Release|Any CPU
		{F54B4184-0FEB-467F-B31D-7F2A787C609C}.Release|x86.ActiveCfg = Release|Any CPU
		{F54B4184-0FEB-467F-B31D-7F2A787C609C}.Release|x86.Build.0 = Release|Any CPU
		{0DDCF1BC-A632-465E-8DE7-08C311703F18}.Debug|Any CPU.ActiveCfg = Debug|Any CPU
		{0DDCF1BC-A632-465E-8DE7-08C311703F18}.Debug|Any CPU.Build.0 = Debug|Any CPU
		{0DDCF1BC-A632-465E-8DE7-08C311703F18}.Debug|x64.ActiveCfg = Debug|Any CPU
		{0DDCF1BC-A632-465E-8DE7-08C311703F18}.Debug|x64.Build.0 = Debug|Any CPU
		{0DDCF1BC-A632-465E-8DE7-08C311703F18}.Debug|x86.ActiveCfg = Debug|Any CPU
		{0DDCF1BC-A632-465E-8DE7-08C311703F18}.Debug|x86.Build.0 = Debug|Any CPU
		{0DDCF1BC-A632-465E-8DE7-08C311703F18}.Release|Any CPU.ActiveCfg = Release|Any CPU
		{0DDCF1BC-A632-465E-8DE7-08C311703F18}.Release|Any CPU.Build.0 = Release|Any CPU
		{0DDCF1BC-A632-465E-8DE7-08C311703F18}.Release|x64.ActiveCfg = Release|Any CPU
		{0DDCF1BC-A632-465E-8DE7-08C311703F18}.Release|x64.Build.0 = Release|Any CPU
		{0DDCF1BC-A632-465E-8DE7-08C311703F18}.Release|x86.ActiveCfg = Release|Any CPU
		{0DDCF1BC-A632-465E-8DE7-08C311703F18}.Release|x86.Build.0 = Release|Any CPU
		{58EB314F-979D-4C02-986B-C9F13B860DB1}.Debug|Any CPU.ActiveCfg = Debug|Any CPU
		{58EB314F-979D-4C02-986B-C9F13B860DB1}.Debug|Any CPU.Build.0 = Debug|Any CPU
		{58EB314F-979D-4C02-986B-C9F13B860DB1}.Debug|x64.ActiveCfg = Debug|Any CPU
		{58EB314F-979D-4C02-986B-C9F13B860DB1}.Debug|x64.Build.0 = Debug|Any CPU
		{58EB314F-979D-4C02-986B-C9F13B860DB1}.Debug|x86.ActiveCfg = Debug|Any CPU
		{58EB314F-979D-4C02-986B-C9F13B860DB1}.Debug|x86.Build.0 = Debug|Any CPU
		{58EB314F-979D-4C02-986B-C9F13B860DB1}.Release|Any CPU.ActiveCfg = Release|Any CPU
		{58EB314F-979D-4C02-986B-C9F13B860DB1}.Release|Any CPU.Build.0 = Release|Any CPU
		{58EB314F-979D-4C02-986B-C9F13B860DB1}.Release|x64.ActiveCfg = Release|Any CPU
		{58EB314F-979D-4C02-986B-C9F13B860DB1}.Release|x64.Build.0 = Release|Any CPU
		{58EB314F-979D-4C02-986B-C9F13B860DB1}.Release|x86.ActiveCfg = Release|Any CPU
		{58EB314F-979D-4C02-986B-C9F13B860DB1}.Release|x86.Build.0 = Release|Any CPU
		{E2CF8744-E8AB-4801-ABDE-C6501C19AC6D}.Debug|Any CPU.ActiveCfg = Debug|Any CPU
		{E2CF8744-E8AB-4801-ABDE-C6501C19AC6D}.Debug|Any CPU.Build.0 = Debug|Any CPU
		{E2CF8744-E8AB-4801-ABDE-C6501C19AC6D}.Debug|x64.ActiveCfg = Debug|Any CPU
		{E2CF8744-E8AB-4801-ABDE-C6501C19AC6D}.Debug|x64.Build.0 = Debug|Any CPU
		{E2CF8744-E8AB-4801-ABDE-C6501C19AC6D}.Debug|x86.ActiveCfg = Debug|Any CPU
		{E2CF8744-E8AB-4801-ABDE-C6501C19AC6D}.Debug|x86.Build.0 = Debug|Any CPU
		{E2CF8744-E8AB-4801-ABDE-C6501C19AC6D}.Release|Any CPU.ActiveCfg = Release|Any CPU
		{E2CF8744-E8AB-4801-ABDE-C6501C19AC6D}.Release|Any CPU.Build.0 = Release|Any CPU
		{E2CF8744-E8AB-4801-ABDE-C6501C19AC6D}.Release|x64.ActiveCfg = Release|Any CPU
		{E2CF8744-E8AB-4801-ABDE-C6501C19AC6D}.Release|x64.Build.0 = Release|Any CPU
		{E2CF8744-E8AB-4801-ABDE-C6501C19AC6D}.Release|x86.ActiveCfg = Release|Any CPU
		{E2CF8744-E8AB-4801-ABDE-C6501C19AC6D}.Release|x86.Build.0 = Release|Any CPU
		{3D4E149D-1978-45B8-A0BC-3FD86E0FB07E}.Debug|Any CPU.ActiveCfg = Debug|Any CPU
		{3D4E149D-1978-45B8-A0BC-3FD86E0FB07E}.Debug|Any CPU.Build.0 = Debug|Any CPU
		{3D4E149D-1978-45B8-A0BC-3FD86E0FB07E}.Debug|x64.ActiveCfg = Debug|Any CPU
		{3D4E149D-1978-45B8-A0BC-3FD86E0FB07E}.Debug|x64.Build.0 = Debug|Any CPU
		{3D4E149D-1978-45B8-A0BC-3FD86E0FB07E}.Debug|x86.ActiveCfg = Debug|Any CPU
		{3D4E149D-1978-45B8-A0BC-3FD86E0FB07E}.Debug|x86.Build.0 = Debug|Any CPU
		{3D4E149D-1978-45B8-A0BC-3FD86E0FB07E}.Release|Any CPU.ActiveCfg = Release|Any CPU
		{3D4E149D-1978-45B8-A0BC-3FD86E0FB07E}.Release|Any CPU.Build.0 = Release|Any CPU
		{3D4E149D-1978-45B8-A0BC-3FD86E0FB07E}.Release|x64.ActiveCfg = Release|Any CPU
		{3D4E149D-1978-45B8-A0BC-3FD86E0FB07E}.Release|x64.Build.0 = Release|Any CPU
		{3D4E149D-1978-45B8-A0BC-3FD86E0FB07E}.Release|x86.ActiveCfg = Release|Any CPU
		{3D4E149D-1978-45B8-A0BC-3FD86E0FB07E}.Release|x86.Build.0 = Release|Any CPU
		{1BE00DCD-2414-4DA1-8E15-27346E5CBFB2}.Debug|Any CPU.ActiveCfg = Debug|Any CPU
		{1BE00DCD-2414-4DA1-8E15-27346E5CBFB2}.Debug|Any CPU.Build.0 = Debug|Any CPU
		{1BE00DCD-2414-4DA1-8E15-27346E5CBFB2}.Debug|x64.ActiveCfg = Debug|Any CPU
		{1BE00DCD-2414-4DA1-8E15-27346E5CBFB2}.Debug|x64.Build.0 = Debug|Any CPU
		{1BE00DCD-2414-4DA1-8E15-27346E5CBFB2}.Debug|x86.ActiveCfg = Debug|Any CPU
		{1BE00DCD-2414-4DA1-8E15-27346E5CBFB2}.Debug|x86.Build.0 = Debug|Any CPU
		{1BE00DCD-2414-4DA1-8E15-27346E5CBFB2}.Release|Any CPU.ActiveCfg = Release|Any CPU
		{1BE00DCD-2414-4DA1-8E15-27346E5CBFB2}.Release|Any CPU.Build.0 = Release|Any CPU
		{1BE00DCD-2414-4DA1-8E15-27346E5CBFB2}.Release|x64.ActiveCfg = Release|Any CPU
		{1BE00DCD-2414-4DA1-8E15-27346E5CBFB2}.Release|x64.Build.0 = Release|Any CPU
		{1BE00DCD-2414-4DA1-8E15-27346E5CBFB2}.Release|x86.ActiveCfg = Release|Any CPU
		{1BE00DCD-2414-4DA1-8E15-27346E5CBFB2}.Release|x86.Build.0 = Release|Any CPU
		{1CF77876-AE61-48D6-B944-3E402C7403D4}.Debug|Any CPU.ActiveCfg = Debug|Any CPU
		{1CF77876-AE61-48D6-B944-3E402C7403D4}.Debug|Any CPU.Build.0 = Debug|Any CPU
		{1CF77876-AE61-48D6-B944-3E402C7403D4}.Debug|x64.ActiveCfg = Debug|Any CPU
		{1CF77876-AE61-48D6-B944-3E402C7403D4}.Debug|x64.Build.0 = Debug|Any CPU
		{1CF77876-AE61-48D6-B944-3E402C7403D4}.Debug|x86.ActiveCfg = Debug|Any CPU
		{1CF77876-AE61-48D6-B944-3E402C7403D4}.Debug|x86.Build.0 = Debug|Any CPU
		{1CF77876-AE61-48D6-B944-3E402C7403D4}.Release|Any CPU.ActiveCfg = Release|Any CPU
		{1CF77876-AE61-48D6-B944-3E402C7403D4}.Release|Any CPU.Build.0 = Release|Any CPU
		{1CF77876-AE61-48D6-B944-3E402C7403D4}.Release|x64.ActiveCfg = Release|Any CPU
		{1CF77876-AE61-48D6-B944-3E402C7403D4}.Release|x64.Build.0 = Release|Any CPU
		{1CF77876-AE61-48D6-B944-3E402C7403D4}.Release|x86.ActiveCfg = Release|Any CPU
		{1CF77876-AE61-48D6-B944-3E402C7403D4}.Release|x86.Build.0 = Release|Any CPU
		{4C11D25E-2288-4682-941F-04D11E255C1A}.Debug|Any CPU.ActiveCfg = Debug|Any CPU
		{4C11D25E-2288-4682-941F-04D11E255C1A}.Debug|Any CPU.Build.0 = Debug|Any CPU
		{4C11D25E-2288-4682-941F-04D11E255C1A}.Debug|x64.ActiveCfg = Debug|Any CPU
		{4C11D25E-2288-4682-941F-04D11E255C1A}.Debug|x64.Build.0 = Debug|Any CPU
		{4C11D25E-2288-4682-941F-04D11E255C1A}.Debug|x86.ActiveCfg = Debug|Any CPU
		{4C11D25E-2288-4682-941F-04D11E255C1A}.Debug|x86.Build.0 = Debug|Any CPU
		{4C11D25E-2288-4682-941F-04D11E255C1A}.Release|Any CPU.ActiveCfg = Release|Any CPU
		{4C11D25E-2288-4682-941F-04D11E255C1A}.Release|Any CPU.Build.0 = Release|Any CPU
		{4C11D25E-2288-4682-941F-04D11E255C1A}.Release|x64.ActiveCfg = Release|Any CPU
		{4C11D25E-2288-4682-941F-04D11E255C1A}.Release|x64.Build.0 = Release|Any CPU
		{4C11D25E-2288-4682-941F-04D11E255C1A}.Release|x86.ActiveCfg = Release|Any CPU
		{4C11D25E-2288-4682-941F-04D11E255C1A}.Release|x86.Build.0 = Release|Any CPU
		{92249DD0-21D8-4C88-8C3E-CEE40D7D48F2}.Debug|Any CPU.ActiveCfg = Debug|Any CPU
		{92249DD0-21D8-4C88-8C3E-CEE40D7D48F2}.Debug|Any CPU.Build.0 = Debug|Any CPU
		{92249DD0-21D8-4C88-8C3E-CEE40D7D48F2}.Debug|x64.ActiveCfg = Debug|Any CPU
		{92249DD0-21D8-4C88-8C3E-CEE40D7D48F2}.Debug|x64.Build.0 = Debug|Any CPU
		{92249DD0-21D8-4C88-8C3E-CEE40D7D48F2}.Debug|x86.ActiveCfg = Debug|Any CPU
		{92249DD0-21D8-4C88-8C3E-CEE40D7D48F2}.Debug|x86.Build.0 = Debug|Any CPU
		{92249DD0-21D8-4C88-8C3E-CEE40D7D48F2}.Release|Any CPU.ActiveCfg = Release|Any CPU
		{92249DD0-21D8-4C88-8C3E-CEE40D7D48F2}.Release|Any CPU.Build.0 = Release|Any CPU
		{92249DD0-21D8-4C88-8C3E-CEE40D7D48F2}.Release|x64.ActiveCfg = Release|Any CPU
		{92249DD0-21D8-4C88-8C3E-CEE40D7D48F2}.Release|x64.Build.0 = Release|Any CPU
		{92249DD0-21D8-4C88-8C3E-CEE40D7D48F2}.Release|x86.ActiveCfg = Release|Any CPU
		{92249DD0-21D8-4C88-8C3E-CEE40D7D48F2}.Release|x86.Build.0 = Release|Any CPU
		{B46C538D-3468-47CA-9F16-F641E85A012C}.Debug|Any CPU.ActiveCfg = Debug|Any CPU
		{B46C538D-3468-47CA-9F16-F641E85A012C}.Debug|Any CPU.Build.0 = Debug|Any CPU
		{B46C538D-3468-47CA-9F16-F641E85A012C}.Debug|x64.ActiveCfg = Debug|Any CPU
		{B46C538D-3468-47CA-9F16-F641E85A012C}.Debug|x64.Build.0 = Debug|Any CPU
		{B46C538D-3468-47CA-9F16-F641E85A012C}.Debug|x86.ActiveCfg = Debug|Any CPU
		{B46C538D-3468-47CA-9F16-F641E85A012C}.Debug|x86.Build.0 = Debug|Any CPU
		{B46C538D-3468-47CA-9F16-F641E85A012C}.Release|Any CPU.ActiveCfg = Release|Any CPU
		{B46C538D-3468-47CA-9F16-F641E85A012C}.Release|Any CPU.Build.0 = Release|Any CPU
		{B46C538D-3468-47CA-9F16-F641E85A012C}.Release|x64.ActiveCfg = Release|Any CPU
		{B46C538D-3468-47CA-9F16-F641E85A012C}.Release|x64.Build.0 = Release|Any CPU
		{B46C538D-3468-47CA-9F16-F641E85A012C}.Release|x86.ActiveCfg = Release|Any CPU
		{B46C538D-3468-47CA-9F16-F641E85A012C}.Release|x86.Build.0 = Release|Any CPU
		{2FDCF496-EBC8-4875-9FE8-F5842D6CAB6C}.Debug|Any CPU.ActiveCfg = Debug|Any CPU
		{2FDCF496-EBC8-4875-9FE8-F5842D6CAB6C}.Debug|Any CPU.Build.0 = Debug|Any CPU
		{2FDCF496-EBC8-4875-9FE8-F5842D6CAB6C}.Debug|x64.ActiveCfg = Debug|Any CPU
		{2FDCF496-EBC8-4875-9FE8-F5842D6CAB6C}.Debug|x64.Build.0 = Debug|Any CPU
		{2FDCF496-EBC8-4875-9FE8-F5842D6CAB6C}.Debug|x86.ActiveCfg = Debug|Any CPU
		{2FDCF496-EBC8-4875-9FE8-F5842D6CAB6C}.Debug|x86.Build.0 = Debug|Any CPU
		{2FDCF496-EBC8-4875-9FE8-F5842D6CAB6C}.Release|Any CPU.ActiveCfg = Release|Any CPU
		{2FDCF496-EBC8-4875-9FE8-F5842D6CAB6C}.Release|Any CPU.Build.0 = Release|Any CPU
		{2FDCF496-EBC8-4875-9FE8-F5842D6CAB6C}.Release|x64.ActiveCfg = Release|Any CPU
		{2FDCF496-EBC8-4875-9FE8-F5842D6CAB6C}.Release|x64.Build.0 = Release|Any CPU
		{2FDCF496-EBC8-4875-9FE8-F5842D6CAB6C}.Release|x86.ActiveCfg = Release|Any CPU
		{2FDCF496-EBC8-4875-9FE8-F5842D6CAB6C}.Release|x86.Build.0 = Release|Any CPU
		{524C10AC-2189-4A3D-9F8F-C7E7938847A8}.Debug|Any CPU.ActiveCfg = Debug|Any CPU
		{524C10AC-2189-4A3D-9F8F-C7E7938847A8}.Debug|Any CPU.Build.0 = Debug|Any CPU
		{524C10AC-2189-4A3D-9F8F-C7E7938847A8}.Debug|x64.ActiveCfg = Debug|Any CPU
		{524C10AC-2189-4A3D-9F8F-C7E7938847A8}.Debug|x64.Build.0 = Debug|Any CPU
		{524C10AC-2189-4A3D-9F8F-C7E7938847A8}.Debug|x86.ActiveCfg = Debug|Any CPU
		{524C10AC-2189-4A3D-9F8F-C7E7938847A8}.Debug|x86.Build.0 = Debug|Any CPU
		{524C10AC-2189-4A3D-9F8F-C7E7938847A8}.Release|Any CPU.ActiveCfg = Release|Any CPU
		{524C10AC-2189-4A3D-9F8F-C7E7938847A8}.Release|Any CPU.Build.0 = Release|Any CPU
		{524C10AC-2189-4A3D-9F8F-C7E7938847A8}.Release|x64.ActiveCfg = Release|Any CPU
		{524C10AC-2189-4A3D-9F8F-C7E7938847A8}.Release|x64.Build.0 = Release|Any CPU
		{524C10AC-2189-4A3D-9F8F-C7E7938847A8}.Release|x86.ActiveCfg = Release|Any CPU
		{524C10AC-2189-4A3D-9F8F-C7E7938847A8}.Release|x86.Build.0 = Release|Any CPU
		{E6987AC9-7078-4518-B630-B7E499F69A7A}.Debug|Any CPU.ActiveCfg = Debug|Any CPU
		{E6987AC9-7078-4518-B630-B7E499F69A7A}.Debug|Any CPU.Build.0 = Debug|Any CPU
		{E6987AC9-7078-4518-B630-B7E499F69A7A}.Debug|x64.ActiveCfg = Debug|Any CPU
		{E6987AC9-7078-4518-B630-B7E499F69A7A}.Debug|x64.Build.0 = Debug|Any CPU
		{E6987AC9-7078-4518-B630-B7E499F69A7A}.Debug|x86.ActiveCfg = Debug|Any CPU
		{E6987AC9-7078-4518-B630-B7E499F69A7A}.Debug|x86.Build.0 = Debug|Any CPU
		{E6987AC9-7078-4518-B630-B7E499F69A7A}.Release|Any CPU.ActiveCfg = Release|Any CPU
		{E6987AC9-7078-4518-B630-B7E499F69A7A}.Release|Any CPU.Build.0 = Release|Any CPU
		{E6987AC9-7078-4518-B630-B7E499F69A7A}.Release|x64.ActiveCfg = Release|Any CPU
		{E6987AC9-7078-4518-B630-B7E499F69A7A}.Release|x64.Build.0 = Release|Any CPU
		{E6987AC9-7078-4518-B630-B7E499F69A7A}.Release|x86.ActiveCfg = Release|Any CPU
		{E6987AC9-7078-4518-B630-B7E499F69A7A}.Release|x86.Build.0 = Release|Any CPU
		{4F92FB91-D8FD-456E-9009-C33418D4A881}.Debug|Any CPU.ActiveCfg = Debug|Any CPU
		{4F92FB91-D8FD-456E-9009-C33418D4A881}.Debug|Any CPU.Build.0 = Debug|Any CPU
		{4F92FB91-D8FD-456E-9009-C33418D4A881}.Debug|x64.ActiveCfg = Debug|Any CPU
		{4F92FB91-D8FD-456E-9009-C33418D4A881}.Debug|x64.Build.0 = Debug|Any CPU
		{4F92FB91-D8FD-456E-9009-C33418D4A881}.Debug|x86.ActiveCfg = Debug|Any CPU
		{4F92FB91-D8FD-456E-9009-C33418D4A881}.Debug|x86.Build.0 = Debug|Any CPU
		{4F92FB91-D8FD-456E-9009-C33418D4A881}.Release|Any CPU.ActiveCfg = Release|Any CPU
		{4F92FB91-D8FD-456E-9009-C33418D4A881}.Release|Any CPU.Build.0 = Release|Any CPU
		{4F92FB91-D8FD-456E-9009-C33418D4A881}.Release|x64.ActiveCfg = Release|Any CPU
		{4F92FB91-D8FD-456E-9009-C33418D4A881}.Release|x64.Build.0 = Release|Any CPU
		{4F92FB91-D8FD-456E-9009-C33418D4A881}.Release|x86.ActiveCfg = Release|Any CPU
		{4F92FB91-D8FD-456E-9009-C33418D4A881}.Release|x86.Build.0 = Release|Any CPU
		{F2F0027A-7FA9-4C3A-BE0D-4BF6B8A0D545}.Debug|Any CPU.ActiveCfg = Debug|Any CPU
		{F2F0027A-7FA9-4C3A-BE0D-4BF6B8A0D545}.Debug|Any CPU.Build.0 = Debug|Any CPU
		{F2F0027A-7FA9-4C3A-BE0D-4BF6B8A0D545}.Debug|x64.ActiveCfg = Debug|Any CPU
		{F2F0027A-7FA9-4C3A-BE0D-4BF6B8A0D545}.Debug|x64.Build.0 = Debug|Any CPU
		{F2F0027A-7FA9-4C3A-BE0D-4BF6B8A0D545}.Debug|x86.ActiveCfg = Debug|Any CPU
		{F2F0027A-7FA9-4C3A-BE0D-4BF6B8A0D545}.Debug|x86.Build.0 = Debug|Any CPU
		{F2F0027A-7FA9-4C3A-BE0D-4BF6B8A0D545}.Release|Any CPU.ActiveCfg = Release|Any CPU
		{F2F0027A-7FA9-4C3A-BE0D-4BF6B8A0D545}.Release|Any CPU.Build.0 = Release|Any CPU
		{F2F0027A-7FA9-4C3A-BE0D-4BF6B8A0D545}.Release|x64.ActiveCfg = Release|Any CPU
		{F2F0027A-7FA9-4C3A-BE0D-4BF6B8A0D545}.Release|x64.Build.0 = Release|Any CPU
		{F2F0027A-7FA9-4C3A-BE0D-4BF6B8A0D545}.Release|x86.ActiveCfg = Release|Any CPU
		{F2F0027A-7FA9-4C3A-BE0D-4BF6B8A0D545}.Release|x86.Build.0 = Release|Any CPU
	EndGlobalSection
	GlobalSection(SolutionProperties) = preSolution
		HideSolutionNode = FALSE
	EndGlobalSection
	GlobalSection(NestedProjects) = preSolution
		{4F0C4816-3FCE-4173-9BED-8555A949AA65} = {066BEF73-2AAA-4BDB-9400-3BE34DB3ED34}
		{7EEEF049-AD62-452F-B260-EE7900974F66} = {066BEF73-2AAA-4BDB-9400-3BE34DB3ED34}
		{F54B4184-0FEB-467F-B31D-7F2A787C609C} = {066BEF73-2AAA-4BDB-9400-3BE34DB3ED34}
		{0DDCF1BC-A632-465E-8DE7-08C311703F18} = {066BEF73-2AAA-4BDB-9400-3BE34DB3ED34}
		{58EB314F-979D-4C02-986B-C9F13B860DB1} = {066BEF73-2AAA-4BDB-9400-3BE34DB3ED34}
		{E2CF8744-E8AB-4801-ABDE-C6501C19AC6D} = {066BEF73-2AAA-4BDB-9400-3BE34DB3ED34}
		{3D4E149D-1978-45B8-A0BC-3FD86E0FB07E} = {066BEF73-2AAA-4BDB-9400-3BE34DB3ED34}
		{1BE00DCD-2414-4DA1-8E15-27346E5CBFB2} = {066BEF73-2AAA-4BDB-9400-3BE34DB3ED34}
		{1CF77876-AE61-48D6-B944-3E402C7403D4} = {066BEF73-2AAA-4BDB-9400-3BE34DB3ED34}
		{4C11D25E-2288-4682-941F-04D11E255C1A} = {066BEF73-2AAA-4BDB-9400-3BE34DB3ED34}
		{92249DD0-21D8-4C88-8C3E-CEE40D7D48F2} = {066BEF73-2AAA-4BDB-9400-3BE34DB3ED34}
		{B46C538D-3468-47CA-9F16-F641E85A012C} = {066BEF73-2AAA-4BDB-9400-3BE34DB3ED34}
		{2FDCF496-EBC8-4875-9FE8-F5842D6CAB6C} = {066BEF73-2AAA-4BDB-9400-3BE34DB3ED34}
		{524C10AC-2189-4A3D-9F8F-C7E7938847A8} = {066BEF73-2AAA-4BDB-9400-3BE34DB3ED34}
		{E6987AC9-7078-4518-B630-B7E499F69A7A} = {066BEF73-2AAA-4BDB-9400-3BE34DB3ED34}
		{4F92FB91-D8FD-456E-9009-C33418D4A881} = {066BEF73-2AAA-4BDB-9400-3BE34DB3ED34}
	EndGlobalSection
EndGlobal
