
Microsoft Visual Studio Solution File, Format Version 12.00
# Visual Studio Version 17
VisualStudioVersion = 17.0.31903.59
MinimumVisualStudioVersion = 10.0.40219.1
Project("{2150E333-8FDC-42A3-9474-1A3956D46DE8}") = "Shared.Sources", "Shared.Sources", "{8D1E1672-2220-2EED-6EFC-C8A13E9BBF32}"
EndProject
Project("{FAE04EC0-301F-11D3-BF4B-00C04F79EFBC}") = "Shared.Backend.Connectors", "Shared.Sources\Shared.Backend.Connectors\Shared.Backend.Connectors.csproj", "{D9995F2E-9A38-49C6-BB78-4ED33078929F}"
EndProject
Project("{FAE04EC0-301F-11D3-BF4B-00C04F79EFBC}") = "Shared.Configuration", "Shared.Sources\Shared.Configuration\Shared.Configuration.csproj", "{EFCF54DA-2F44-4082-A465-75040EB4816C}"
EndProject
Project("{FAE04EC0-301F-11D3-BF4B-00C04F79EFBC}") = "Shared.Connectors", "Shared.Sources\Shared.Connectors\Shared.Connectors.csproj", "{8E4FDF8D-FA71-431F-B27C-18584DCF6561}"
EndProject
Project("{FAE04EC0-301F-11D3-BF4B-00C04F79EFBC}") = "Shared.Connectors.Interfaces", "Shared.Sources\Shared.Connectors.Interfaces\Shared.Connectors.Interfaces.csproj", "{9E861532-BD12-43C6-AD6E-15FA2B59EB87}"
EndProject
Project("{FAE04EC0-301F-11D3-BF4B-00C04F79EFBC}") = "Shared.Databases", "Shared.Sources\Shared.Databases\Shared.Databases.csproj", "{F55DED6B-96DC-44CE-9CD6-BCBC72D464F0}"
EndProject
Project("{FAE04EC0-301F-11D3-BF4B-00C04F79EFBC}") = "Shared.Databases.Entities", "Shared.Sources\Shared.Databases.Entities\Shared.Databases.Entities.csproj", "{2FAB7432-90FC-4CAA-80B4-D7A73928744C}"
EndProject
Project("{FAE04EC0-301F-11D3-BF4B-00C04F79EFBC}") = "Shared.Dtos.Input", "Shared.Sources\Shared.Dtos.Input\Shared.Dtos.Input.csproj", "{661CA3B3-91C4-499C-B857-5189E48E9563}"
EndProject
Project("{FAE04EC0-301F-11D3-BF4B-00C04F79EFBC}") = "Shared.Dtos.Output", "Shared.Sources\Shared.Dtos.Output\Shared.Dtos.Output.csproj", "{0D3793E6-1E17-4FF8-A025-22471FCF19D3}"
EndProject
Project("{FAE04EC0-301F-11D3-BF4B-00C04F79EFBC}") = "Shared.Exceptions", "Shared.Sources\Shared.Exceptions\Shared.Exceptions.csproj", "{BF90B2D6-9F7A-4B0C-9B40-06CA648AF7F8}"
EndProject
Project("{FAE04EC0-301F-11D3-BF4B-00C04F79EFBC}") = "Shared.Extensions", "Shared.Sources\Shared.Extensions\Shared.Extensions.csproj", "{726678B7-EAA8-42C7-A524-8C4E075E2A96}"
EndProject
Project("{FAE04EC0-301F-11D3-BF4B-00C04F79EFBC}") = "Shared.Interfaces", "Shared.Sources\Shared.Interfaces\Shared.Interfaces.csproj", "{C0EC96B8-21CC-443E-BA45-3793D19DD1EB}"
EndProject
Project("{FAE04EC0-301F-11D3-BF4B-00C04F79EFBC}") = "Shared.Libraries", "Shared.Sources\Shared.Libraries\Shared.Libraries.csproj", "{F45C31EB-2923-41B2-AFAE-035F16899FD8}"
EndProject
Project("{FAE04EC0-301F-11D3-BF4B-00C04F79EFBC}") = "Shared.Middleware", "Shared.Sources\Shared.Middleware\Shared.Middleware.csproj", "{F32BF917-7B44-40A7-AC13-9E65695B56E5}"
EndProject
Project("{FAE04EC0-301F-11D3-BF4B-00C04F79EFBC}") = "Shared.Models", "Shared.Sources\Shared.Models\Shared.Models.csproj", "{AD678158-4EBB-4C88-87E2-9B1DB0ECBE7E}"
EndProject
Project("{FAE04EC0-301F-11D3-BF4B-00C04F79EFBC}") = "Shared.Security", "Shared.Sources\Shared.Security\Shared.Security.csproj", "{70754E3C-80B1-4866-8D5D-F2CACE737828}"
EndProject
Project("{FAE04EC0-301F-11D3-BF4B-00C04F79EFBC}") = "Shared.Services", "Shared.Sources\Shared.Services\Shared.Services.csproj", "{E959005B-ED8B-4B8E-9B14-2E40B37DD4EF}"
EndProject
Project("{FAE04EC0-301F-11D3-BF4B-00C04F79EFBC}") = "Authentication.Server", "Authentication.Server\Authentication.Server.csproj", "{AB10D6B1-E09F-493A-914A-31BC0CE3B663}"
EndProject
Project("{FAE04EC0-301F-11D3-BF4B-00C04F79EFBC}") = "Financial.Server", "Financial.Server\Financial.Server.csproj", "{4AE2C9D4-5AD1-4DC5-BCC0-3A09FA313DA2}"
EndProject
Project("{FAE04EC0-301F-11D3-BF4B-00C04F79EFBC}") = "Personal.Server", "Personal.Server\Personal.Server.csproj", "{C3263010-B9D9-47C7-AF5C-4100A8662645}"
EndProject
Project("{FAE04EC0-301F-11D3-BF4B-00C04F79EFBC}") = "Warehouse.Server", "Warehouse.Server\Warehouse.Server.csproj", "{D03095EB-0841-4CD8-AA72-100AA7999EE2}"
EndProject
Global
	GlobalSection(SolutionConfigurationPlatforms) = preSolution
		Debug|Any CPU = Debug|Any CPU
		Debug|x64 = Debug|x64
		Debug|x86 = Debug|x86
		Release|Any CPU = Release|Any CPU
		Release|x64 = Release|x64
		Release|x86 = Release|x86
	EndGlobalSection
	GlobalSection(ProjectConfigurationPlatforms) = postSolution
		{D9995F2E-9A38-49C6-BB78-4ED33078929F}.Debug|Any CPU.ActiveCfg = Debug|Any CPU
		{D9995F2E-9A38-49C6-BB78-4ED33078929F}.Debug|Any CPU.Build.0 = Debug|Any CPU
		{D9995F2E-9A38-49C6-BB78-4ED33078929F}.Debug|x64.ActiveCfg = Debug|Any CPU
		{D9995F2E-9A38-49C6-BB78-4ED33078929F}.Debug|x64.Build.0 = Debug|Any CPU
		{D9995F2E-9A38-49C6-BB78-4ED33078929F}.Debug|x86.ActiveCfg = Debug|Any CPU
		{D9995F2E-9A38-49C6-BB78-4ED33078929F}.Debug|x86.Build.0 = Debug|Any CPU
		{D9995F2E-9A38-49C6-BB78-4ED33078929F}.Release|Any CPU.ActiveCfg = Release|Any CPU
		{D9995F2E-9A38-49C6-BB78-4ED33078929F}.Release|Any CPU.Build.0 = Release|Any CPU
		{D9995F2E-9A38-49C6-BB78-4ED33078929F}.Release|x64.ActiveCfg = Release|Any CPU
		{D9995F2E-9A38-49C6-BB78-4ED33078929F}.Release|x64.Build.0 = Release|Any CPU
		{D9995F2E-9A38-49C6-BB78-4ED33078929F}.Release|x86.ActiveCfg = Release|Any CPU
		{D9995F2E-9A38-49C6-BB78-4ED33078929F}.Release|x86.Build.0 = Release|Any CPU
		{EFCF54DA-2F44-4082-A465-75040EB4816C}.Debug|Any CPU.ActiveCfg = Debug|Any CPU
		{EFCF54DA-2F44-4082-A465-75040EB4816C}.Debug|Any CPU.Build.0 = Debug|Any CPU
		{EFCF54DA-2F44-4082-A465-75040EB4816C}.Debug|x64.ActiveCfg = Debug|Any CPU
		{EFCF54DA-2F44-4082-A465-75040EB4816C}.Debug|x64.Build.0 = Debug|Any CPU
		{EFCF54DA-2F44-4082-A465-75040EB4816C}.Debug|x86.ActiveCfg = Debug|Any CPU
		{EFCF54DA-2F44-4082-A465-75040EB4816C}.Debug|x86.Build.0 = Debug|Any CPU
		{EFCF54DA-2F44-4082-A465-75040EB4816C}.Release|Any CPU.ActiveCfg = Release|Any CPU
		{EFCF54DA-2F44-4082-A465-75040EB4816C}.Release|Any CPU.Build.0 = Release|Any CPU
		{EFCF54DA-2F44-4082-A465-75040EB4816C}.Release|x64.ActiveCfg = Release|Any CPU
		{EFCF54DA-2F44-4082-A465-75040EB4816C}.Release|x64.Build.0 = Release|Any CPU
		{EFCF54DA-2F44-4082-A465-75040EB4816C}.Release|x86.ActiveCfg = Release|Any CPU
		{EFCF54DA-2F44-4082-A465-75040EB4816C}.Release|x86.Build.0 = Release|Any CPU
		{8E4FDF8D-FA71-431F-B27C-18584DCF6561}.Debug|Any CPU.ActiveCfg = Debug|Any CPU
		{8E4FDF8D-FA71-431F-B27C-18584DCF6561}.Debug|Any CPU.Build.0 = Debug|Any CPU
		{8E4FDF8D-FA71-431F-B27C-18584DCF6561}.Debug|x64.ActiveCfg = Debug|Any CPU
		{8E4FDF8D-FA71-431F-B27C-18584DCF6561}.Debug|x64.Build.0 = Debug|Any CPU
		{8E4FDF8D-FA71-431F-B27C-18584DCF6561}.Debug|x86.ActiveCfg = Debug|Any CPU
		{8E4FDF8D-FA71-431F-B27C-18584DCF6561}.Debug|x86.Build.0 = Debug|Any CPU
		{8E4FDF8D-FA71-431F-B27C-18584DCF6561}.Release|Any CPU.ActiveCfg = Release|Any CPU
		{8E4FDF8D-FA71-431F-B27C-18584DCF6561}.Release|Any CPU.Build.0 = Release|Any CPU
		{8E4FDF8D-FA71-431F-B27C-18584DCF6561}.Release|x64.ActiveCfg = Release|Any CPU
		{8E4FDF8D-FA71-431F-B27C-18584DCF6561}.Release|x64.Build.0 = Release|Any CPU
		{8E4FDF8D-FA71-431F-B27C-18584DCF6561}.Release|x86.ActiveCfg = Release|Any CPU
		{8E4FDF8D-FA71-431F-B27C-18584DCF6561}.Release|x86.Build.0 = Release|Any CPU
		{9E861532-BD12-43C6-AD6E-15FA2B59EB87}.Debug|Any CPU.ActiveCfg = Debug|Any CPU
		{9E861532-BD12-43C6-AD6E-15FA2B59EB87}.Debug|Any CPU.Build.0 = Debug|Any CPU
		{9E861532-BD12-43C6-AD6E-15FA2B59EB87}.Debug|x64.ActiveCfg = Debug|Any CPU
		{9E861532-BD12-43C6-AD6E-15FA2B59EB87}.Debug|x64.Build.0 = Debug|Any CPU
		{9E861532-BD12-43C6-AD6E-15FA2B59EB87}.Debug|x86.ActiveCfg = Debug|Any CPU
		{9E861532-BD12-43C6-AD6E-15FA2B59EB87}.Debug|x86.Build.0 = Debug|Any CPU
		{9E861532-BD12-43C6-AD6E-15FA2B59EB87}.Release|Any CPU.ActiveCfg = Release|Any CPU
		{9E861532-BD12-43C6-AD6E-15FA2B59EB87}.Release|Any CPU.Build.0 = Release|Any CPU
		{9E861532-BD12-43C6-AD6E-15FA2B59EB87}.Release|x64.ActiveCfg = Release|Any CPU
		{9E861532-BD12-43C6-AD6E-15FA2B59EB87}.Release|x64.Build.0 = Release|Any CPU
		{9E861532-BD12-43C6-AD6E-15FA2B59EB87}.Release|x86.ActiveCfg = Release|Any CPU
		{9E861532-BD12-43C6-AD6E-15FA2B59EB87}.Release|x86.Build.0 = Release|Any CPU
		{F55DED6B-96DC-44CE-9CD6-BCBC72D464F0}.Debug|Any CPU.ActiveCfg = Debug|Any CPU
		{F55DED6B-96DC-44CE-9CD6-BCBC72D464F0}.Debug|Any CPU.Build.0 = Debug|Any CPU
		{F55DED6B-96DC-44CE-9CD6-BCBC72D464F0}.Debug|x64.ActiveCfg = Debug|Any CPU
		{F55DED6B-96DC-44CE-9CD6-BCBC72D464F0}.Debug|x64.Build.0 = Debug|Any CPU
		{F55DED6B-96DC-44CE-9CD6-BCBC72D464F0}.Debug|x86.ActiveCfg = Debug|Any CPU
		{F55DED6B-96DC-44CE-9CD6-BCBC72D464F0}.Debug|x86.Build.0 = Debug|Any CPU
		{F55DED6B-96DC-44CE-9CD6-BCBC72D464F0}.Release|Any CPU.ActiveCfg = Release|Any CPU
		{F55DED6B-96DC-44CE-9CD6-BCBC72D464F0}.Release|Any CPU.Build.0 = Release|Any CPU
		{F55DED6B-96DC-44CE-9CD6-BCBC72D464F0}.Release|x64.ActiveCfg = Release|Any CPU
		{F55DED6B-96DC-44CE-9CD6-BCBC72D464F0}.Release|x64.Build.0 = Release|Any CPU
		{F55DED6B-96DC-44CE-9CD6-BCBC72D464F0}.Release|x86.ActiveCfg = Release|Any CPU
		{F55DED6B-96DC-44CE-9CD6-BCBC72D464F0}.Release|x86.Build.0 = Release|Any CPU
		{2FAB7432-90FC-4CAA-80B4-D7A73928744C}.Debug|Any CPU.ActiveCfg = Debug|Any CPU
		{2FAB7432-90FC-4CAA-80B4-D7A73928744C}.Debug|Any CPU.Build.0 = Debug|Any CPU
		{2FAB7432-90FC-4CAA-80B4-D7A73928744C}.Debug|x64.ActiveCfg = Debug|Any CPU
		{2FAB7432-90FC-4CAA-80B4-D7A73928744C}.Debug|x64.Build.0 = Debug|Any CPU
		{2FAB7432-90FC-4CAA-80B4-D7A73928744C}.Debug|x86.ActiveCfg = Debug|Any CPU
		{2FAB7432-90FC-4CAA-80B4-D7A73928744C}.Debug|x86.Build.0 = Debug|Any CPU
		{2FAB7432-90FC-4CAA-80B4-D7A73928744C}.Release|Any CPU.ActiveCfg = Release|Any CPU
		{2FAB7432-90FC-4CAA-80B4-D7A73928744C}.Release|Any CPU.Build.0 = Release|Any CPU
		{2FAB7432-90FC-4CAA-80B4-D7A73928744C}.Release|x64.ActiveCfg = Release|Any CPU
		{2FAB7432-90FC-4CAA-80B4-D7A73928744C}.Release|x64.Build.0 = Release|Any CPU
		{2FAB7432-90FC-4CAA-80B4-D7A73928744C}.Release|x86.ActiveCfg = Release|Any CPU
		{2FAB7432-90FC-4CAA-80B4-D7A73928744C}.Release|x86.Build.0 = Release|Any CPU
		{661CA3B3-91C4-499C-B857-5189E48E9563}.Debug|Any CPU.ActiveCfg = Debug|Any CPU
		{661CA3B3-91C4-499C-B857-5189E48E9563}.Debug|Any CPU.Build.0 = Debug|Any CPU
		{661CA3B3-91C4-499C-B857-5189E48E9563}.Debug|x64.ActiveCfg = Debug|Any CPU
		{661CA3B3-91C4-499C-B857-5189E48E9563}.Debug|x64.Build.0 = Debug|Any CPU
		{661CA3B3-91C4-499C-B857-5189E48E9563}.Debug|x86.ActiveCfg = Debug|Any CPU
		{661CA3B3-91C4-499C-B857-5189E48E9563}.Debug|x86.Build.0 = Debug|Any CPU
		{661CA3B3-91C4-499C-B857-5189E48E9563}.Release|Any CPU.ActiveCfg = Release|Any CPU
		{661CA3B3-91C4-499C-B857-5189E48E9563}.Release|Any CPU.Build.0 = Release|Any CPU
		{661CA3B3-91C4-499C-B857-5189E48E9563}.Release|x64.ActiveCfg = Release|Any CPU
		{661CA3B3-91C4-499C-B857-5189E48E9563}.Release|x64.Build.0 = Release|Any CPU
		{661CA3B3-91C4-499C-B857-5189E48E9563}.Release|x86.ActiveCfg = Release|Any CPU
		{661CA3B3-91C4-499C-B857-5189E48E9563}.Release|x86.Build.0 = Release|Any CPU
		{0D3793E6-1E17-4FF8-A025-22471FCF19D3}.Debug|Any CPU.ActiveCfg = Debug|Any CPU
		{0D3793E6-1E17-4FF8-A025-22471FCF19D3}.Debug|Any CPU.Build.0 = Debug|Any CPU
		{0D3793E6-1E17-4FF8-A025-22471FCF19D3}.Debug|x64.ActiveCfg = Debug|Any CPU
		{0D3793E6-1E17-4FF8-A025-22471FCF19D3}.Debug|x64.Build.0 = Debug|Any CPU
		{0D3793E6-1E17-4FF8-A025-22471FCF19D3}.Debug|x86.ActiveCfg = Debug|Any CPU
		{0D3793E6-1E17-4FF8-A025-22471FCF19D3}.Debug|x86.Build.0 = Debug|Any CPU
		{0D3793E6-1E17-4FF8-A025-22471FCF19D3}.Release|Any CPU.ActiveCfg = Release|Any CPU
		{0D3793E6-1E17-4FF8-A025-22471FCF19D3}.Release|Any CPU.Build.0 = Release|Any CPU
		{0D3793E6-1E17-4FF8-A025-22471FCF19D3}.Release|x64.ActiveCfg = Release|Any CPU
		{0D3793E6-1E17-4FF8-A025-22471FCF19D3}.Release|x64.Build.0 = Release|Any CPU
		{0D3793E6-1E17-4FF8-A025-22471FCF19D3}.Release|x86.ActiveCfg = Release|Any CPU
		{0D3793E6-1E17-4FF8-A025-22471FCF19D3}.Release|x86.Build.0 = Release|Any CPU
		{BF90B2D6-9F7A-4B0C-9B40-06CA648AF7F8}.Debug|Any CPU.ActiveCfg = Debug|Any CPU
		{BF90B2D6-9F7A-4B0C-9B40-06CA648AF7F8}.Debug|Any CPU.Build.0 = Debug|Any CPU
		{BF90B2D6-9F7A-4B0C-9B40-06CA648AF7F8}.Debug|x64.ActiveCfg = Debug|Any CPU
		{BF90B2D6-9F7A-4B0C-9B40-06CA648AF7F8}.Debug|x64.Build.0 = Debug|Any CPU
		{BF90B2D6-9F7A-4B0C-9B40-06CA648AF7F8}.Debug|x86.ActiveCfg = Debug|Any CPU
		{BF90B2D6-9F7A-4B0C-9B40-06CA648AF7F8}.Debug|x86.Build.0 = Debug|Any CPU
		{BF90B2D6-9F7A-4B0C-9B40-06CA648AF7F8}.Release|Any CPU.ActiveCfg = Release|Any CPU
		{BF90B2D6-9F7A-4B0C-9B40-06CA648AF7F8}.Release|Any CPU.Build.0 = Release|Any CPU
		{BF90B2D6-9F7A-4B0C-9B40-06CA648AF7F8}.Release|x64.ActiveCfg = Release|Any CPU
		{BF90B2D6-9F7A-4B0C-9B40-06CA648AF7F8}.Release|x64.Build.0 = Release|Any CPU
		{BF90B2D6-9F7A-4B0C-9B40-06CA648AF7F8}.Release|x86.ActiveCfg = Release|Any CPU
		{BF90B2D6-9F7A-4B0C-9B40-06CA648AF7F8}.Release|x86.Build.0 = Release|Any CPU
		{726678B7-EAA8-42C7-A524-8C4E075E2A96}.Debug|Any CPU.ActiveCfg = Debug|Any CPU
		{726678B7-EAA8-42C7-A524-8C4E075E2A96}.Debug|Any CPU.Build.0 = Debug|Any CPU
		{726678B7-EAA8-42C7-A524-8C4E075E2A96}.Debug|x64.ActiveCfg = Debug|Any CPU
		{726678B7-EAA8-42C7-A524-8C4E075E2A96}.Debug|x64.Build.0 = Debug|Any CPU
		{726678B7-EAA8-42C7-A524-8C4E075E2A96}.Debug|x86.ActiveCfg = Debug|Any CPU
		{726678B7-EAA8-42C7-A524-8C4E075E2A96}.Debug|x86.Build.0 = Debug|Any CPU
		{726678B7-EAA8-42C7-A524-8C4E075E2A96}.Release|Any CPU.ActiveCfg = Release|Any CPU
		{726678B7-EAA8-42C7-A524-8C4E075E2A96}.Release|Any CPU.Build.0 = Release|Any CPU
		{726678B7-EAA8-42C7-A524-8C4E075E2A96}.Release|x64.ActiveCfg = Release|Any CPU
		{726678B7-EAA8-42C7-A524-8C4E075E2A96}.Release|x64.Build.0 = Release|Any CPU
		{726678B7-EAA8-42C7-A524-8C4E075E2A96}.Release|x86.ActiveCfg = Release|Any CPU
		{726678B7-EAA8-42C7-A524-8C4E075E2A96}.Release|x86.Build.0 = Release|Any CPU
		{C0EC96B8-21CC-443E-BA45-3793D19DD1EB}.Debug|Any CPU.ActiveCfg = Debug|Any CPU
		{C0EC96B8-21CC-443E-BA45-3793D19DD1EB}.Debug|Any CPU.Build.0 = Debug|Any CPU
		{C0EC96B8-21CC-443E-BA45-3793D19DD1EB}.Debug|x64.ActiveCfg = Debug|Any CPU
		{C0EC96B8-21CC-443E-BA45-3793D19DD1EB}.Debug|x64.Build.0 = Debug|Any CPU
		{C0EC96B8-21CC-443E-BA45-3793D19DD1EB}.Debug|x86.ActiveCfg = Debug|Any CPU
		{C0EC96B8-21CC-443E-BA45-3793D19DD1EB}.Debug|x86.Build.0 = Debug|Any CPU
		{C0EC96B8-21CC-443E-BA45-3793D19DD1EB}.Release|Any CPU.ActiveCfg = Release|Any CPU
		{C0EC96B8-21CC-443E-BA45-3793D19DD1EB}.Release|Any CPU.Build.0 = Release|Any CPU
		{C0EC96B8-21CC-443E-BA45-3793D19DD1EB}.Release|x64.ActiveCfg = Release|Any CPU
		{C0EC96B8-21CC-443E-BA45-3793D19DD1EB}.Release|x64.Build.0 = Release|Any CPU
		{C0EC96B8-21CC-443E-BA45-3793D19DD1EB}.Release|x86.ActiveCfg = Release|Any CPU
		{C0EC96B8-21CC-443E-BA45-3793D19DD1EB}.Release|x86.Build.0 = Release|Any CPU
		{F45C31EB-2923-41B2-AFAE-035F16899FD8}.Debug|Any CPU.ActiveCfg = Debug|Any CPU
		{F45C31EB-2923-41B2-AFAE-035F16899FD8}.Debug|Any CPU.Build.0 = Debug|Any CPU
		{F45C31EB-2923-41B2-AFAE-035F16899FD8}.Debug|x64.ActiveCfg = Debug|Any CPU
		{F45C31EB-2923-41B2-AFAE-035F16899FD8}.Debug|x64.Build.0 = Debug|Any CPU
		{F45C31EB-2923-41B2-AFAE-035F16899FD8}.Debug|x86.ActiveCfg = Debug|Any CPU
		{F45C31EB-2923-41B2-AFAE-035F16899FD8}.Debug|x86.Build.0 = Debug|Any CPU
		{F45C31EB-2923-41B2-AFAE-035F16899FD8}.Release|Any CPU.ActiveCfg = Release|Any CPU
		{F45C31EB-2923-41B2-AFAE-035F16899FD8}.Release|Any CPU.Build.0 = Release|Any CPU
		{F45C31EB-2923-41B2-AFAE-035F16899FD8}.Release|x64.ActiveCfg = Release|Any CPU
		{F45C31EB-2923-41B2-AFAE-035F16899FD8}.Release|x64.Build.0 = Release|Any CPU
		{F45C31EB-2923-41B2-AFAE-035F16899FD8}.Release|x86.ActiveCfg = Release|Any CPU
		{F45C31EB-2923-41B2-AFAE-035F16899FD8}.Release|x86.Build.0 = Release|Any CPU
		{F32BF917-7B44-40A7-AC13-9E65695B56E5}.Debug|Any CPU.ActiveCfg = Debug|Any CPU
		{F32BF917-7B44-40A7-AC13-9E65695B56E5}.Debug|Any CPU.Build.0 = Debug|Any CPU
		{F32BF917-7B44-40A7-AC13-9E65695B56E5}.Debug|x64.ActiveCfg = Debug|Any CPU
		{F32BF917-7B44-40A7-AC13-9E65695B56E5}.Debug|x64.Build.0 = Debug|Any CPU
		{F32BF917-7B44-40A7-AC13-9E65695B56E5}.Debug|x86.ActiveCfg = Debug|Any CPU
		{F32BF917-7B44-40A7-AC13-9E65695B56E5}.Debug|x86.Build.0 = Debug|Any CPU
		{F32BF917-7B44-40A7-AC13-9E65695B56E5}.Release|Any CPU.ActiveCfg = Release|Any CPU
		{F32BF917-7B44-40A7-AC13-9E65695B56E5}.Release|Any CPU.Build.0 = Release|Any CPU
		{F32BF917-7B44-40A7-AC13-9E65695B56E5}.Release|x64.ActiveCfg = Release|Any CPU
		{F32BF917-7B44-40A7-AC13-9E65695B56E5}.Release|x64.Build.0 = Release|Any CPU
		{F32BF917-7B44-40A7-AC13-9E65695B56E5}.Release|x86.ActiveCfg = Release|Any CPU
		{F32BF917-7B44-40A7-AC13-9E65695B56E5}.Release|x86.Build.0 = Release|Any CPU
		{AD678158-4EBB-4C88-87E2-9B1DB0ECBE7E}.Debug|Any CPU.ActiveCfg = Debug|Any CPU
		{AD678158-4EBB-4C88-87E2-9B1DB0ECBE7E}.Debug|Any CPU.Build.0 = Debug|Any CPU
		{AD678158-4EBB-4C88-87E2-9B1DB0ECBE7E}.Debug|x64.ActiveCfg = Debug|Any CPU
		{AD678158-4EBB-4C88-87E2-9B1DB0ECBE7E}.Debug|x64.Build.0 = Debug|Any CPU
		{AD678158-4EBB-4C88-87E2-9B1DB0ECBE7E}.Debug|x86.ActiveCfg = Debug|Any CPU
		{AD678158-4EBB-4C88-87E2-9B1DB0ECBE7E}.Debug|x86.Build.0 = Debug|Any CPU
		{AD678158-4EBB-4C88-87E2-9B1DB0ECBE7E}.Release|Any CPU.ActiveCfg = Release|Any CPU
		{AD678158-4EBB-4C88-87E2-9B1DB0ECBE7E}.Release|Any CPU.Build.0 = Release|Any CPU
		{AD678158-4EBB-4C88-87E2-9B1DB0ECBE7E}.Release|x64.ActiveCfg = Release|Any CPU
		{AD678158-4EBB-4C88-87E2-9B1DB0ECBE7E}.Release|x64.Build.0 = Release|Any CPU
		{AD678158-4EBB-4C88-87E2-9B1DB0ECBE7E}.Release|x86.ActiveCfg = Release|Any CPU
		{AD678158-4EBB-4C88-87E2-9B1DB0ECBE7E}.Release|x86.Build.0 = Release|Any CPU
		{70754E3C-80B1-4866-8D5D-F2CACE737828}.Debug|Any CPU.ActiveCfg = Debug|Any CPU
		{70754E3C-80B1-4866-8D5D-F2CACE737828}.Debug|Any CPU.Build.0 = Debug|Any CPU
		{70754E3C-80B1-4866-8D5D-F2CACE737828}.Debug|x64.ActiveCfg = Debug|Any CPU
		{70754E3C-80B1-4866-8D5D-F2CACE737828}.Debug|x64.Build.0 = Debug|Any CPU
		{70754E3C-80B1-4866-8D5D-F2CACE737828}.Debug|x86.ActiveCfg = Debug|Any CPU
		{70754E3C-80B1-4866-8D5D-F2CACE737828}.Debug|x86.Build.0 = Debug|Any CPU
		{70754E3C-80B1-4866-8D5D-F2CACE737828}.Release|Any CPU.ActiveCfg = Release|Any CPU
		{70754E3C-80B1-4866-8D5D-F2CACE737828}.Release|Any CPU.Build.0 = Release|Any CPU
		{70754E3C-80B1-4866-8D5D-F2CACE737828}.Release|x64.ActiveCfg = Release|Any CPU
		{70754E3C-80B1-4866-8D5D-F2CACE737828}.Release|x64.Build.0 = Release|Any CPU
		{70754E3C-80B1-4866-8D5D-F2CACE737828}.Release|x86.ActiveCfg = Release|Any CPU
		{70754E3C-80B1-4866-8D5D-F2CACE737828}.Release|x86.Build.0 = Release|Any CPU
		{E959005B-ED8B-4B8E-9B14-2E40B37DD4EF}.Debug|Any CPU.ActiveCfg = Debug|Any CPU
		{E959005B-ED8B-4B8E-9B14-2E40B37DD4EF}.Debug|Any CPU.Build.0 = Debug|Any CPU
		{E959005B-ED8B-4B8E-9B14-2E40B37DD4EF}.Debug|x64.ActiveCfg = Debug|Any CPU
		{E959005B-ED8B-4B8E-9B14-2E40B37DD4EF}.Debug|x64.Build.0 = Debug|Any CPU
		{E959005B-ED8B-4B8E-9B14-2E40B37DD4EF}.Debug|x86.ActiveCfg = Debug|Any CPU
		{E959005B-ED8B-4B8E-9B14-2E40B37DD4EF}.Debug|x86.Build.0 = Debug|Any CPU
		{E959005B-ED8B-4B8E-9B14-2E40B37DD4EF}.Release|Any CPU.ActiveCfg = Release|Any CPU
		{E959005B-ED8B-4B8E-9B14-2E40B37DD4EF}.Release|Any CPU.Build.0 = Release|Any CPU
		{E959005B-ED8B-4B8E-9B14-2E40B37DD4EF}.Release|x64.ActiveCfg = Release|Any CPU
		{E959005B-ED8B-4B8E-9B14-2E40B37DD4EF}.Release|x64.Build.0 = Release|Any CPU
		{E959005B-ED8B-4B8E-9B14-2E40B37DD4EF}.Release|x86.ActiveCfg = Release|Any CPU
		{E959005B-ED8B-4B8E-9B14-2E40B37DD4EF}.Release|x86.Build.0 = Release|Any CPU
		{AB10D6B1-E09F-493A-914A-31BC0CE3B663}.Debug|Any CPU.ActiveCfg = Debug|Any CPU
		{AB10D6B1-E09F-493A-914A-31BC0CE3B663}.Debug|Any CPU.Build.0 = Debug|Any CPU
		{AB10D6B1-E09F-493A-914A-31BC0CE3B663}.Debug|x64.ActiveCfg = Debug|Any CPU
		{AB10D6B1-E09F-493A-914A-31BC0CE3B663}.Debug|x64.Build.0 = Debug|Any CPU
		{AB10D6B1-E09F-493A-914A-31BC0CE3B663}.Debug|x86.ActiveCfg = Debug|Any CPU
		{AB10D6B1-E09F-493A-914A-31BC0CE3B663}.Debug|x86.Build.0 = Debug|Any CPU
		{AB10D6B1-E09F-493A-914A-31BC0CE3B663}.Release|Any CPU.ActiveCfg = Release|Any CPU
		{AB10D6B1-E09F-493A-914A-31BC0CE3B663}.Release|Any CPU.Build.0 = Release|Any CPU
		{AB10D6B1-E09F-493A-914A-31BC0CE3B663}.Release|x64.ActiveCfg = Release|Any CPU
		{AB10D6B1-E09F-493A-914A-31BC0CE3B663}.Release|x64.Build.0 = Release|Any CPU
		{AB10D6B1-E09F-493A-914A-31BC0CE3B663}.Release|x86.ActiveCfg = Release|Any CPU
		{AB10D6B1-E09F-493A-914A-31BC0CE3B663}.Release|x86.Build.0 = Release|Any CPU
		{4AE2C9D4-5AD1-4DC5-BCC0-3A09FA313DA2}.Debug|Any CPU.ActiveCfg = Debug|Any CPU
		{4AE2C9D4-5AD1-4DC5-BCC0-3A09FA313DA2}.Debug|Any CPU.Build.0 = Debug|Any CPU
		{4AE2C9D4-5AD1-4DC5-BCC0-3A09FA313DA2}.Debug|x64.ActiveCfg = Debug|Any CPU
		{4AE2C9D4-5AD1-4DC5-BCC0-3A09FA313DA2}.Debug|x64.Build.0 = Debug|Any CPU
		{4AE2C9D4-5AD1-4DC5-BCC0-3A09FA313DA2}.Debug|x86.ActiveCfg = Debug|Any CPU
		{4AE2C9D4-5AD1-4DC5-BCC0-3A09FA313DA2}.Debug|x86.Build.0 = Debug|Any CPU
		{4AE2C9D4-5AD1-4DC5-BCC0-3A09FA313DA2}.Release|Any CPU.ActiveCfg = Release|Any CPU
		{4AE2C9D4-5AD1-4DC5-BCC0-3A09FA313DA2}.Release|Any CPU.Build.0 = Release|Any CPU
		{4AE2C9D4-5AD1-4DC5-BCC0-3A09FA313DA2}.Release|x64.ActiveCfg = Release|Any CPU
		{4AE2C9D4-5AD1-4DC5-BCC0-3A09FA313DA2}.Release|x64.Build.0 = Release|Any CPU
		{4AE2C9D4-5AD1-4DC5-BCC0-3A09FA313DA2}.Release|x86.ActiveCfg = Release|Any CPU
		{4AE2C9D4-5AD1-4DC5-BCC0-3A09FA313DA2}.Release|x86.Build.0 = Release|Any CPU
		{C3263010-B9D9-47C7-AF5C-4100A8662645}.Debug|Any CPU.ActiveCfg = Debug|Any CPU
		{C3263010-B9D9-47C7-AF5C-4100A8662645}.Debug|Any CPU.Build.0 = Debug|Any CPU
		{C3263010-B9D9-47C7-AF5C-4100A8662645}.Debug|x64.ActiveCfg = Debug|Any CPU
		{C3263010-B9D9-47C7-AF5C-4100A8662645}.Debug|x64.Build.0 = Debug|Any CPU
		{C3263010-B9D9-47C7-AF5C-4100A8662645}.Debug|x86.ActiveCfg = Debug|Any CPU
		{C3263010-B9D9-47C7-AF5C-4100A8662645}.Debug|x86.Build.0 = Debug|Any CPU
		{C3263010-B9D9-47C7-AF5C-4100A8662645}.Release|Any CPU.ActiveCfg = Release|Any CPU
		{C3263010-B9D9-47C7-AF5C-4100A8662645}.Release|Any CPU.Build.0 = Release|Any CPU
		{C3263010-B9D9-47C7-AF5C-4100A8662645}.Release|x64.ActiveCfg = Release|Any CPU
		{C3263010-B9D9-47C7-AF5C-4100A8662645}.Release|x64.Build.0 = Release|Any CPU
		{C3263010-B9D9-47C7-AF5C-4100A8662645}.Release|x86.ActiveCfg = Release|Any CPU
		{C3263010-B9D9-47C7-AF5C-4100A8662645}.Release|x86.Build.0 = Release|Any CPU
		{D03095EB-0841-4CD8-AA72-100AA7999EE2}.Debug|Any CPU.ActiveCfg = Debug|Any CPU
		{D03095EB-0841-4CD8-AA72-100AA7999EE2}.Debug|Any CPU.Build.0 = Debug|Any CPU
		{D03095EB-0841-4CD8-AA72-100AA7999EE2}.Debug|x64.ActiveCfg = Debug|Any CPU
		{D03095EB-0841-4CD8-AA72-100AA7999EE2}.Debug|x64.Build.0 = Debug|Any CPU
		{D03095EB-0841-4CD8-AA72-100AA7999EE2}.Debug|x86.ActiveCfg = Debug|Any CPU
		{D03095EB-0841-4CD8-AA72-100AA7999EE2}.Debug|x86.Build.0 = Debug|Any CPU
		{D03095EB-0841-4CD8-AA72-100AA7999EE2}.Release|Any CPU.ActiveCfg = Release|Any CPU
		{D03095EB-0841-4CD8-AA72-100AA7999EE2}.Release|Any CPU.Build.0 = Release|Any CPU
		{D03095EB-0841-4CD8-AA72-100AA7999EE2}.Release|x64.ActiveCfg = Release|Any CPU
		{D03095EB-0841-4CD8-AA72-100AA7999EE2}.Release|x64.Build.0 = Release|Any CPU
		{D03095EB-0841-4CD8-AA72-100AA7999EE2}.Release|x86.ActiveCfg = Release|Any CPU
		{D03095EB-0841-4CD8-AA72-100AA7999EE2}.Release|x86.Build.0 = Release|Any CPU
	EndGlobalSection
	GlobalSection(SolutionProperties) = preSolution
		HideSolutionNode = FALSE
	EndGlobalSection
	GlobalSection(NestedProjects) = preSolution
		{D9995F2E-9A38-49C6-BB78-4ED33078929F} = {8D1E1672-2220-2EED-6EFC-C8A13E9BBF32}
		{EFCF54DA-2F44-4082-A465-75040EB4816C} = {8D1E1672-2220-2EED-6EFC-C8A13E9BBF32}
		{8E4FDF8D-FA71-431F-B27C-18584DCF6561} = {8D1E1672-2220-2EED-6EFC-C8A13E9BBF32}
		{9E861532-BD12-43C6-AD6E-15FA2B59EB87} = {8D1E1672-2220-2EED-6EFC-C8A13E9BBF32}
		{F55DED6B-96DC-44CE-9CD6-BCBC72D464F0} = {8D1E1672-2220-2EED-6EFC-C8A13E9BBF32}
		{2FAB7432-90FC-4CAA-80B4-D7A73928744C} = {8D1E1672-2220-2EED-6EFC-C8A13E9BBF32}
		{661CA3B3-91C4-499C-B857-5189E48E9563} = {8D1E1672-2220-2EED-6EFC-C8A13E9BBF32}
		{0D3793E6-1E17-4FF8-A025-22471FCF19D3} = {8D1E1672-2220-2EED-6EFC-C8A13E9BBF32}
		{BF90B2D6-9F7A-4B0C-9B40-06CA648AF7F8} = {8D1E1672-2220-2EED-6EFC-C8A13E9BBF32}
		{726678B7-EAA8-42C7-A524-8C4E075E2A96} = {8D1E1672-2220-2EED-6EFC-C8A13E9BBF32}
		{C0EC96B8-21CC-443E-BA45-3793D19DD1EB} = {8D1E1672-2220-2EED-6EFC-C8A13E9BBF32}
		{F45C31EB-2923-41B2-AFAE-035F16899FD8} = {8D1E1672-2220-2EED-6EFC-C8A13E9BBF32}
		{F32BF917-7B44-40A7-AC13-9E65695B56E5} = {8D1E1672-2220-2EED-6EFC-C8A13E9BBF32}
		{AD678158-4EBB-4C88-87E2-9B1DB0ECBE7E} = {8D1E1672-2220-2EED-6EFC-C8A13E9BBF32}
		{70754E3C-80B1-4866-8D5D-F2CACE737828} = {8D1E1672-2220-2EED-6EFC-C8A13E9BBF32}
		{E959005B-ED8B-4B8E-9B14-2E40B37DD4EF} = {8D1E1672-2220-2EED-6EFC-C8A13E9BBF32}
	EndGlobalSection
EndGlobal
